// !$*UTF8*$!
{
	archiveVersion = 1;
	classes = {
	};
	objectVersion = 46;
	objects = {

/* Begin PBXBuildFile section */
		4C2A4AE71486DDDF009F3AB0 /* RMFPresetSettingsController.m in Sources */ = {isa = PBXBuildFile; fileRef = 4C2A4AE51486DDDE009F3AB0 /* RMFPresetSettingsController.m */; };
		4C34B6AD1486FBDD008CFB00 /* RMFPresetsTableViewDelegate.m in Sources */ = {isa = PBXBuildFile; fileRef = 4C34B6AC1486FBDD008CFB00 /* RMFPresetsTableViewDelegate.m */; };
		4C4FA61D149816060082981C /* RMFMenuController.m in Sources */ = {isa = PBXBuildFile; fileRef = 4C4FA61C149816060082981C /* RMFMenuController.m */; };
		4C50399A149566CA00089F86 /* NSString+RMFVolumeTools.m in Sources */ = {isa = PBXBuildFile; fileRef = 4C503999149566CA00089F86 /* NSString+RMFVolumeTools.m */; };
		4C5BDB5B147EF6AD000E19B0 /* Cocoa.framework in Frameworks */ = {isa = PBXBuildFile; fileRef = 4C5BDB5A147EF6AD000E19B0 /* Cocoa.framework */; };
		4C5BDB65147EF6AD000E19B0 /* InfoPlist.strings in Resources */ = {isa = PBXBuildFile; fileRef = 4C5BDB63147EF6AD000E19B0 /* InfoPlist.strings */; };
		4C5BDB67147EF6AD000E19B0 /* main.m in Sources */ = {isa = PBXBuildFile; fileRef = 4C5BDB66147EF6AD000E19B0 /* main.m */; };
		4C5BDB6B147EF6AD000E19B0 /* Credits.rtf in Resources */ = {isa = PBXBuildFile; fileRef = 4C5BDB69147EF6AD000E19B0 /* Credits.rtf */; };
		4C5BDB6E147EF6AD000E19B0 /* RMFAppDelegate.m in Sources */ = {isa = PBXBuildFile; fileRef = 4C5BDB6D147EF6AD000E19B0 /* RMFAppDelegate.m */; };
		4C5BDB71147EF6AD000E19B0 /* MainMenu.xib in Resources */ = {isa = PBXBuildFile; fileRef = 4C5BDB6F147EF6AD000E19B0 /* MainMenu.xib */; };
		4C5BDB79147EF6AD000E19B0 /* SenTestingKit.framework in Frameworks */ = {isa = PBXBuildFile; fileRef = 4C5BDB78147EF6AD000E19B0 /* SenTestingKit.framework */; };
		4C5BDB7A147EF6AD000E19B0 /* Cocoa.framework in Frameworks */ = {isa = PBXBuildFile; fileRef = 4C5BDB5A147EF6AD000E19B0 /* Cocoa.framework */; };
		4C5BDB82147EF6AD000E19B0 /* InfoPlist.strings in Resources */ = {isa = PBXBuildFile; fileRef = 4C5BDB80147EF6AD000E19B0 /* InfoPlist.strings */; };
		4C5BDB85147EF6AD000E19B0 /* RAMificationTests.m in Sources */ = {isa = PBXBuildFile; fileRef = 4C5BDB84147EF6AD000E19B0 /* RAMificationTests.m */; };
		4C82CEC3148053BB009E61C8 /* RMFSettingsController.m in Sources */ = {isa = PBXBuildFile; fileRef = 4C82CEC2148053BB009E61C8 /* RMFSettingsController.m */; };
		4CB61005148AA2DE00166397 /* RMFGeneralSettingsController.m in Sources */ = {isa = PBXBuildFile; fileRef = 4CB61002148AA2DD00166397 /* RMFGeneralSettingsController.m */; };
		4CB61006148AA2DE00166397 /* RMFVolumePreset.m in Sources */ = {isa = PBXBuildFile; fileRef = 4CB61004148AA2DE00166397 /* RMFVolumePreset.m */; };
		4CB6100B148AA3D800166397 /* Localizable.strings in Resources */ = {isa = PBXBuildFile; fileRef = 4CB61009148AA3D800166397 /* Localizable.strings */; };
		4CBE8D70148C30D100747A33 /* LaunchAtLoginController.m in Sources */ = {isa = PBXBuildFile; fileRef = 4CBE8D6E148C30D100747A33 /* LaunchAtLoginController.m */; };
		4CBE8D71148C30D100747A33 /* README.md in Resources */ = {isa = PBXBuildFile; fileRef = 4CBE8D6F148C30D100747A33 /* README.md */; };
		4CC50DF21482F90D0093004E /* RMFCreateRamDiskOperation.m in Sources */ = {isa = PBXBuildFile; fileRef = 4CC50DF11482F90D0093004E /* RMFCreateRamDiskOperation.m */; };
		4CC52F7A14819A360006C278 /* GeneralPane.xib in Resources */ = {isa = PBXBuildFile; fileRef = 4CC52F7914819A360006C278 /* GeneralPane.xib */; };
		4CC52F7D14819BB60006C278 /* PresetsPane.xib in Resources */ = {isa = PBXBuildFile; fileRef = 4CC52F7C14819BB60006C278 /* PresetsPane.xib */; };
		4CC52F7F1481A1400006C278 /* SettingsWindow.xib in Resources */ = {isa = PBXBuildFile; fileRef = 4CC52F7E1481A1400006C278 /* SettingsWindow.xib */; };
		4CD4B7A71482B4C8002DC1F2 /* PreferencesDefaults.plist in Resources */ = {isa = PBXBuildFile; fileRef = 4CD4B7A61482B4C8002DC1F2 /* PreferencesDefaults.plist */; };
		4CEDE68B14830269002A5A95 /* MenuItemIconTemplate.pdf in Resources */ = {isa = PBXBuildFile; fileRef = 4CEDE68A14830269002A5A95 /* MenuItemIconTemplate.pdf */; };
		4CF8842914926DC2000EE2D7 /* RMFPresetManager.m in Sources */ = {isa = PBXBuildFile; fileRef = 4CF8842814926DC2000EE2D7 /* RMFPresetManager.m */; };
/* End PBXBuildFile section */

/* Begin PBXContainerItemProxy section */
		4C5BDB7B147EF6AD000E19B0 /* PBXContainerItemProxy */ = {
			isa = PBXContainerItemProxy;
			containerPortal = 4C5BDB4D147EF6AD000E19B0 /* Project object */;
			proxyType = 1;
			remoteGlobalIDString = 4C5BDB55147EF6AD000E19B0;
			remoteInfo = RAMification;
		};
/* End PBXContainerItemProxy section */

/* Begin PBXFileReference section */
		4C2A4AE41486DDDE009F3AB0 /* RMFPresetSettingsController.h */ = {isa = PBXFileReference; fileEncoding = 4; lastKnownFileType = sourcecode.c.h; path = RMFPresetSettingsController.h; sourceTree = "<group>"; };
		4C2A4AE51486DDDE009F3AB0 /* RMFPresetSettingsController.m */ = {isa = PBXFileReference; fileEncoding = 4; lastKnownFileType = sourcecode.c.objc; path = RMFPresetSettingsController.m; sourceTree = "<group>"; };
		4C2A4AE91486DE55009F3AB0 /* RMFSettingsControllerProtocol.h */ = {isa = PBXFileReference; fileEncoding = 4; lastKnownFileType = sourcecode.c.h; path = RMFSettingsControllerProtocol.h; sourceTree = "<group>"; };
		4C34B6AB1486FBDD008CFB00 /* RMFPresetsTableViewDelegate.h */ = {isa = PBXFileReference; fileEncoding = 4; lastKnownFileType = sourcecode.c.h; path = RMFPresetsTableViewDelegate.h; sourceTree = "<group>"; };
		4C34B6AC1486FBDD008CFB00 /* RMFPresetsTableViewDelegate.m */ = {isa = PBXFileReference; fileEncoding = 4; lastKnownFileType = sourcecode.c.objc; path = RMFPresetsTableViewDelegate.m; sourceTree = "<group>"; };
		4C4FA61B149816060082981C /* RMFMenuController.h */ = {isa = PBXFileReference; fileEncoding = 4; lastKnownFileType = sourcecode.c.h; path = RMFMenuController.h; sourceTree = "<group>"; };
		4C4FA61C149816060082981C /* RMFMenuController.m */ = {isa = PBXFileReference; fileEncoding = 4; lastKnownFileType = sourcecode.c.objc; path = RMFMenuController.m; sourceTree = "<group>"; };
		4C503998149566CA00089F86 /* NSString+RMFVolumeTools.h */ = {isa = PBXFileReference; fileEncoding = 4; lastKnownFileType = sourcecode.c.h; path = "NSString+RMFVolumeTools.h"; sourceTree = "<group>"; };
		4C503999149566CA00089F86 /* NSString+RMFVolumeTools.m */ = {isa = PBXFileReference; fileEncoding = 4; lastKnownFileType = sourcecode.c.objc; path = "NSString+RMFVolumeTools.m"; sourceTree = "<group>"; };
		4C5BDB56147EF6AD000E19B0 /* RAMification.app */ = {isa = PBXFileReference; explicitFileType = wrapper.application; includeInIndex = 0; path = RAMification.app; sourceTree = BUILT_PRODUCTS_DIR; };
		4C5BDB5A147EF6AD000E19B0 /* Cocoa.framework */ = {isa = PBXFileReference; lastKnownFileType = wrapper.framework; name = Cocoa.framework; path = System/Library/Frameworks/Cocoa.framework; sourceTree = SDKROOT; };
		4C5BDB5D147EF6AD000E19B0 /* AppKit.framework */ = {isa = PBXFileReference; lastKnownFileType = wrapper.framework; name = AppKit.framework; path = System/Library/Frameworks/AppKit.framework; sourceTree = SDKROOT; };
		4C5BDB5E147EF6AD000E19B0 /* CoreData.framework */ = {isa = PBXFileReference; lastKnownFileType = wrapper.framework; name = CoreData.framework; path = System/Library/Frameworks/CoreData.framework; sourceTree = SDKROOT; };
		4C5BDB5F147EF6AD000E19B0 /* Foundation.framework */ = {isa = PBXFileReference; lastKnownFileType = wrapper.framework; name = Foundation.framework; path = System/Library/Frameworks/Foundation.framework; sourceTree = SDKROOT; };
		4C5BDB62147EF6AD000E19B0 /* RAMification-Info.plist */ = {isa = PBXFileReference; lastKnownFileType = text.plist.xml; path = "RAMification-Info.plist"; sourceTree = "<group>"; };
		4C5BDB64147EF6AD000E19B0 /* en */ = {isa = PBXFileReference; lastKnownFileType = text.plist.strings; name = en; path = en.lproj/InfoPlist.strings; sourceTree = "<group>"; };
		4C5BDB66147EF6AD000E19B0 /* main.m */ = {isa = PBXFileReference; lastKnownFileType = sourcecode.c.objc; path = main.m; sourceTree = "<group>"; };
		4C5BDB68147EF6AD000E19B0 /* RAMification-Prefix.pch */ = {isa = PBXFileReference; lastKnownFileType = sourcecode.c.h; path = "RAMification-Prefix.pch"; sourceTree = "<group>"; };
		4C5BDB6A147EF6AD000E19B0 /* en */ = {isa = PBXFileReference; lastKnownFileType = text.rtf; name = en; path = en.lproj/Credits.rtf; sourceTree = "<group>"; };
		4C5BDB6C147EF6AD000E19B0 /* RMFAppDelegate.h */ = {isa = PBXFileReference; lastKnownFileType = sourcecode.c.h; path = RMFAppDelegate.h; sourceTree = "<group>"; };
		4C5BDB6D147EF6AD000E19B0 /* RMFAppDelegate.m */ = {isa = PBXFileReference; lastKnownFileType = sourcecode.c.objc; path = RMFAppDelegate.m; sourceTree = "<group>"; };
		4C5BDB70147EF6AD000E19B0 /* en */ = {isa = PBXFileReference; lastKnownFileType = file.xib; name = en; path = en.lproj/MainMenu.xib; sourceTree = "<group>"; };
		4C5BDB77147EF6AD000E19B0 /* RAMificationTests.octest */ = {isa = PBXFileReference; explicitFileType = wrapper.cfbundle; includeInIndex = 0; path = RAMificationTests.octest; sourceTree = BUILT_PRODUCTS_DIR; };
		4C5BDB78147EF6AD000E19B0 /* SenTestingKit.framework */ = {isa = PBXFileReference; lastKnownFileType = wrapper.framework; name = SenTestingKit.framework; path = Library/Frameworks/SenTestingKit.framework; sourceTree = DEVELOPER_DIR; };
		4C5BDB7F147EF6AD000E19B0 /* RAMificationTests-Info.plist */ = {isa = PBXFileReference; lastKnownFileType = text.plist.xml; path = "RAMificationTests-Info.plist"; sourceTree = "<group>"; };
		4C5BDB81147EF6AD000E19B0 /* en */ = {isa = PBXFileReference; lastKnownFileType = text.plist.strings; name = en; path = en.lproj/InfoPlist.strings; sourceTree = "<group>"; };
		4C5BDB83147EF6AD000E19B0 /* RAMificationTests.h */ = {isa = PBXFileReference; lastKnownFileType = sourcecode.c.h; path = RAMificationTests.h; sourceTree = "<group>"; };
		4C5BDB84147EF6AD000E19B0 /* RAMificationTests.m */ = {isa = PBXFileReference; lastKnownFileType = sourcecode.c.objc; path = RAMificationTests.m; sourceTree = "<group>"; };
		4C82CEC1148053BB009E61C8 /* RMFSettingsController.h */ = {isa = PBXFileReference; fileEncoding = 4; lastKnownFileType = sourcecode.c.h; path = RMFSettingsController.h; sourceTree = "<group>"; };
		4C82CEC2148053BB009E61C8 /* RMFSettingsController.m */ = {isa = PBXFileReference; fileEncoding = 4; lastKnownFileType = sourcecode.c.objc; path = RMFSettingsController.m; sourceTree = "<group>"; };
		4CB61001148AA2DD00166397 /* RMFGeneralSettingsController.h */ = {isa = PBXFileReference; fileEncoding = 4; lastKnownFileType = sourcecode.c.h; path = RMFGeneralSettingsController.h; sourceTree = "<group>"; };
		4CB61002148AA2DD00166397 /* RMFGeneralSettingsController.m */ = {isa = PBXFileReference; fileEncoding = 4; lastKnownFileType = sourcecode.c.objc; path = RMFGeneralSettingsController.m; sourceTree = "<group>"; };
		4CB61003148AA2DD00166397 /* RMFVolumePreset.h */ = {isa = PBXFileReference; fileEncoding = 4; lastKnownFileType = sourcecode.c.h; path = RMFVolumePreset.h; sourceTree = "<group>"; };
		4CB61004148AA2DE00166397 /* RMFVolumePreset.m */ = {isa = PBXFileReference; fileEncoding = 4; lastKnownFileType = sourcecode.c.objc; path = RMFVolumePreset.m; sourceTree = "<group>"; };
		4CB6100A148AA3D800166397 /* en */ = {isa = PBXFileReference; lastKnownFileType = text.plist.strings; name = en; path = en.lproj/Localizable.strings; sourceTree = "<group>"; };
		4CBE8D6D148C30D100747A33 /* LaunchAtLoginController.h */ = {isa = PBXFileReference; fileEncoding = 4; lastKnownFileType = sourcecode.c.h; path = LaunchAtLoginController.h; sourceTree = "<group>"; };
		4CBE8D6E148C30D100747A33 /* LaunchAtLoginController.m */ = {isa = PBXFileReference; fileEncoding = 4; lastKnownFileType = sourcecode.c.objc; path = LaunchAtLoginController.m; sourceTree = "<group>"; };
		4CBE8D6F148C30D100747A33 /* README.md */ = {isa = PBXFileReference; fileEncoding = 4; lastKnownFileType = text; path = README.md; sourceTree = "<group>"; };
		4CC50DF01482F90D0093004E /* RMFCreateRamDiskOperation.h */ = {isa = PBXFileReference; fileEncoding = 4; lastKnownFileType = sourcecode.c.h; path = RMFCreateRamDiskOperation.h; sourceTree = "<group>"; };
		4CC50DF11482F90D0093004E /* RMFCreateRamDiskOperation.m */ = {isa = PBXFileReference; fileEncoding = 4; lastKnownFileType = sourcecode.c.objc; path = RMFCreateRamDiskOperation.m; sourceTree = "<group>"; };
		4CC52F7914819A360006C278 /* GeneralPane.xib */ = {isa = PBXFileReference; fileEncoding = 4; lastKnownFileType = file.xib; path = GeneralPane.xib; sourceTree = "<group>"; };
		4CC52F7C14819BB60006C278 /* PresetsPane.xib */ = {isa = PBXFileReference; fileEncoding = 4; lastKnownFileType = file.xib; path = PresetsPane.xib; sourceTree = "<group>"; };
		4CC52F7E1481A1400006C278 /* SettingsWindow.xib */ = {isa = PBXFileReference; fileEncoding = 4; lastKnownFileType = file.xib; path = SettingsWindow.xib; sourceTree = "<group>"; };
		4CD4B7A61482B4C8002DC1F2 /* PreferencesDefaults.plist */ = {isa = PBXFileReference; fileEncoding = 4; lastKnownFileType = text.plist.xml; path = PreferencesDefaults.plist; sourceTree = "<group>"; };
		4CEDE68A14830269002A5A95 /* MenuItemIconTemplate.pdf */ = {isa = PBXFileReference; lastKnownFileType = image.pdf; path = MenuItemIconTemplate.pdf; sourceTree = "<group>"; };
		4CF8842714926DC2000EE2D7 /* RMFPresetManager.h */ = {isa = PBXFileReference; fileEncoding = 4; lastKnownFileType = sourcecode.c.h; path = RMFPresetManager.h; sourceTree = "<group>"; };
		4CF8842814926DC2000EE2D7 /* RMFPresetManager.m */ = {isa = PBXFileReference; fileEncoding = 4; lastKnownFileType = sourcecode.c.objc; path = RMFPresetManager.m; sourceTree = "<group>"; };
/* End PBXFileReference section */

/* Begin PBXFrameworksBuildPhase section */
		4C5BDB53147EF6AD000E19B0 /* Frameworks */ = {
			isa = PBXFrameworksBuildPhase;
			buildActionMask = 2147483647;
			files = (
				4C5BDB5B147EF6AD000E19B0 /* Cocoa.framework in Frameworks */,
			);
			runOnlyForDeploymentPostprocessing = 0;
		};
		4C5BDB73147EF6AD000E19B0 /* Frameworks */ = {
			isa = PBXFrameworksBuildPhase;
			buildActionMask = 2147483647;
			files = (
				4C5BDB79147EF6AD000E19B0 /* SenTestingKit.framework in Frameworks */,
				4C5BDB7A147EF6AD000E19B0 /* Cocoa.framework in Frameworks */,
			);
			runOnlyForDeploymentPostprocessing = 0;
		};
/* End PBXFrameworksBuildPhase section */

/* Begin PBXGroup section */
		4C2A4AEE1486ED07009F3AB0 /* Views */ = {
			isa = PBXGroup;
			children = (
				4C5BDB6F147EF6AD000E19B0 /* MainMenu.xib */,
				4CC52F7E1481A1400006C278 /* SettingsWindow.xib */,
				4CC52F7914819A360006C278 /* GeneralPane.xib */,
				4CC52F7C14819BB60006C278 /* PresetsPane.xib */,
			);
			name = Views;
			sourceTree = "<group>";
		};
		4C2A4AEF1486ED1A009F3AB0 /* Controler */ = {
			isa = PBXGroup;
			children = (
				4CB61001148AA2DD00166397 /* RMFGeneralSettingsController.h */,
				4CB61002148AA2DD00166397 /* RMFGeneralSettingsController.m */,
				4C82CEC1148053BB009E61C8 /* RMFSettingsController.h */,
				4C82CEC2148053BB009E61C8 /* RMFSettingsController.m */,
				4C2A4AE41486DDDE009F3AB0 /* RMFPresetSettingsController.h */,
				4C2A4AE51486DDDE009F3AB0 /* RMFPresetSettingsController.m */,
				4C4FA61B149816060082981C /* RMFMenuController.h */,
				4C4FA61C149816060082981C /* RMFMenuController.m */,
			);
			name = Controler;
			sourceTree = "<group>";
		};
		4C2A4AF01486ED63009F3AB0 /* Operations */ = {
			isa = PBXGroup;
			children = (
				4CC50DF01482F90D0093004E /* RMFCreateRamDiskOperation.h */,
				4CC50DF11482F90D0093004E /* RMFCreateRamDiskOperation.m */,
			);
			name = Operations;
			sourceTree = "<group>";
		};
		4C2A4AF11486ED8D009F3AB0 /* Protcols */ = {
			isa = PBXGroup;
			children = (
				4C2A4AE91486DE55009F3AB0 /* RMFSettingsControllerProtocol.h */,
			);
			name = Protcols;
			sourceTree = "<group>";
		};
		4C2A4AF21486EDC2009F3AB0 /* Delegates */ = {
			isa = PBXGroup;
			children = (
				4C5BDB6C147EF6AD000E19B0 /* RMFAppDelegate.h */,
				4C5BDB6D147EF6AD000E19B0 /* RMFAppDelegate.m */,
				4C34B6AB1486FBDD008CFB00 /* RMFPresetsTableViewDelegate.h */,
				4C34B6AC1486FBDD008CFB00 /* RMFPresetsTableViewDelegate.m */,
			);
			name = Delegates;
			sourceTree = "<group>";
		};
		4C5039931495663500089F86 /* Tools */ = {
			isa = PBXGroup;
			children = (
				4C503998149566CA00089F86 /* NSString+RMFVolumeTools.h */,
				4C503999149566CA00089F86 /* NSString+RMFVolumeTools.m */,
			);
			name = Tools;
			sourceTree = "<group>";
		};
		4C5BDB4B147EF6AD000E19B0 = {
			isa = PBXGroup;
			children = (
				4CBE8D6C148C30D100747A33 /* LaunchAtLoginController */,
				4C5BDB60147EF6AD000E19B0 /* RAMification */,
				4C5BDB7D147EF6AD000E19B0 /* RAMificationTests */,
				4C5BDB59147EF6AD000E19B0 /* Frameworks */,
				4C5BDB57147EF6AD000E19B0 /* Products */,
			);
			sourceTree = "<group>";
		};
		4C5BDB57147EF6AD000E19B0 /* Products */ = {
			isa = PBXGroup;
			children = (
				4C5BDB56147EF6AD000E19B0 /* RAMification.app */,
				4C5BDB77147EF6AD000E19B0 /* RAMificationTests.octest */,
			);
			name = Products;
			sourceTree = "<group>";
		};
		4C5BDB59147EF6AD000E19B0 /* Frameworks */ = {
			isa = PBXGroup;
			children = (
				4C5BDB5A147EF6AD000E19B0 /* Cocoa.framework */,
				4C5BDB78147EF6AD000E19B0 /* SenTestingKit.framework */,
				4C5BDB5C147EF6AD000E19B0 /* Other Frameworks */,
			);
			name = Frameworks;
			sourceTree = "<group>";
		};
		4C5BDB5C147EF6AD000E19B0 /* Other Frameworks */ = {
			isa = PBXGroup;
			children = (
				4C5BDB5D147EF6AD000E19B0 /* AppKit.framework */,
				4C5BDB5E147EF6AD000E19B0 /* CoreData.framework */,
				4C5BDB5F147EF6AD000E19B0 /* Foundation.framework */,
			);
			name = "Other Frameworks";
			sourceTree = "<group>";
		};
		4C5BDB60147EF6AD000E19B0 /* RAMification */ = {
			isa = PBXGroup;
			children = (
				4C5039931495663500089F86 /* Tools */,
				4CEF3E74148ED25100232818 /* Model */,
				4C2A4AF11486ED8D009F3AB0 /* Protcols */,
				4C2A4AF01486ED63009F3AB0 /* Operations */,
				4C2A4AEF1486ED1A009F3AB0 /* Controler */,
				4C2A4AEE1486ED07009F3AB0 /* Views */,
				4C2A4AF21486EDC2009F3AB0 /* Delegates */,
				4C5BDB61147EF6AD000E19B0 /* Supporting Files */,
			);
			path = RAMification;
			sourceTree = "<group>";
		};
		4C5BDB61147EF6AD000E19B0 /* Supporting Files */ = {
			isa = PBXGroup;
			children = (
				4CB61009148AA3D800166397 /* Localizable.strings */,
				4CEDE68A14830269002A5A95 /* MenuItemIconTemplate.pdf */,
				4C5BDB62147EF6AD000E19B0 /* RAMification-Info.plist */,
				4C5BDB63147EF6AD000E19B0 /* InfoPlist.strings */,
				4C5BDB66147EF6AD000E19B0 /* main.m */,
				4C5BDB68147EF6AD000E19B0 /* RAMification-Prefix.pch */,
				4C5BDB69147EF6AD000E19B0 /* Credits.rtf */,
				4CD4B7A61482B4C8002DC1F2 /* PreferencesDefaults.plist */,
			);
			name = "Supporting Files";
			sourceTree = "<group>";
		};
		4C5BDB7D147EF6AD000E19B0 /* RAMificationTests */ = {
			isa = PBXGroup;
			children = (
				4C5BDB83147EF6AD000E19B0 /* RAMificationTests.h */,
				4C5BDB84147EF6AD000E19B0 /* RAMificationTests.m */,
				4C5BDB7E147EF6AD000E19B0 /* Supporting Files */,
			);
			path = RAMificationTests;
			sourceTree = "<group>";
		};
		4C5BDB7E147EF6AD000E19B0 /* Supporting Files */ = {
			isa = PBXGroup;
			children = (
				4C5BDB7F147EF6AD000E19B0 /* RAMificationTests-Info.plist */,
				4C5BDB80147EF6AD000E19B0 /* InfoPlist.strings */,
			);
			name = "Supporting Files";
			sourceTree = "<group>";
		};
		4CBE8D6C148C30D100747A33 /* LaunchAtLoginController */ = {
			isa = PBXGroup;
			children = (
				4CBE8D6D148C30D100747A33 /* LaunchAtLoginController.h */,
				4CBE8D6E148C30D100747A33 /* LaunchAtLoginController.m */,
				4CBE8D6F148C30D100747A33 /* README.md */,
			);
			path = LaunchAtLoginController;
			sourceTree = "<group>";
		};
		4CEF3E74148ED25100232818 /* Model */ = {
			isa = PBXGroup;
			children = (
				4CB61003148AA2DD00166397 /* RMFVolumePreset.h */,
				4CB61004148AA2DE00166397 /* RMFVolumePreset.m */,
				4CF8842714926DC2000EE2D7 /* RMFPresetManager.h */,
				4CF8842814926DC2000EE2D7 /* RMFPresetManager.m */,
			);
			name = Model;
			sourceTree = "<group>";
		};
/* End PBXGroup section */

/* Begin PBXNativeTarget section */
		4C5BDB55147EF6AD000E19B0 /* RAMification */ = {
			isa = PBXNativeTarget;
			buildConfigurationList = 4C5BDB88147EF6AD000E19B0 /* Build configuration list for PBXNativeTarget "RAMification" */;
			buildPhases = (
				4C5BDB52147EF6AD000E19B0 /* Sources */,
				4C5BDB53147EF6AD000E19B0 /* Frameworks */,
				4C5BDB54147EF6AD000E19B0 /* Resources */,
			);
			buildRules = (
			);
			dependencies = (
			);
			name = RAMification;
			productName = RAMification;
			productReference = 4C5BDB56147EF6AD000E19B0 /* RAMification.app */;
			productType = "com.apple.product-type.application";
		};
		4C5BDB76147EF6AD000E19B0 /* RAMificationTests */ = {
			isa = PBXNativeTarget;
			buildConfigurationList = 4C5BDB8B147EF6AD000E19B0 /* Build configuration list for PBXNativeTarget "RAMificationTests" */;
			buildPhases = (
				4C5BDB72147EF6AD000E19B0 /* Sources */,
				4C5BDB73147EF6AD000E19B0 /* Frameworks */,
				4C5BDB74147EF6AD000E19B0 /* Resources */,
				4C5BDB75147EF6AD000E19B0 /* ShellScript */,
			);
			buildRules = (
			);
			dependencies = (
				4C5BDB7C147EF6AD000E19B0 /* PBXTargetDependency */,
			);
			name = RAMificationTests;
			productName = RAMificationTests;
			productReference = 4C5BDB77147EF6AD000E19B0 /* RAMificationTests.octest */;
			productType = "com.apple.product-type.bundle";
		};
/* End PBXNativeTarget section */

/* Begin PBXProject section */
		4C5BDB4D147EF6AD000E19B0 /* Project object */ = {
			isa = PBXProject;
			attributes = {
				LastUpgradeCheck = 0420;
				ORGANIZATIONNAME = "HicknHack Software GmbH";
			};
			buildConfigurationList = 4C5BDB50147EF6AD000E19B0 /* Build configuration list for PBXProject "RAMification" */;
			compatibilityVersion = "Xcode 3.2";
			developmentRegion = English;
			hasScannedForEncodings = 0;
			knownRegions = (
				en,
			);
			mainGroup = 4C5BDB4B147EF6AD000E19B0;
			productRefGroup = 4C5BDB57147EF6AD000E19B0 /* Products */;
			projectDirPath = "";
			projectRoot = "";
			targets = (
				4C5BDB55147EF6AD000E19B0 /* RAMification */,
				4C5BDB76147EF6AD000E19B0 /* RAMificationTests */,
			);
		};
/* End PBXProject section */

/* Begin PBXResourcesBuildPhase section */
		4C5BDB54147EF6AD000E19B0 /* Resources */ = {
			isa = PBXResourcesBuildPhase;
			buildActionMask = 2147483647;
			files = (
				4C5BDB65147EF6AD000E19B0 /* InfoPlist.strings in Resources */,
				4C5BDB6B147EF6AD000E19B0 /* Credits.rtf in Resources */,
				4C5BDB71147EF6AD000E19B0 /* MainMenu.xib in Resources */,
				4CC52F7A14819A360006C278 /* GeneralPane.xib in Resources */,
				4CC52F7D14819BB60006C278 /* PresetsPane.xib in Resources */,
				4CC52F7F1481A1400006C278 /* SettingsWindow.xib in Resources */,
				4CD4B7A71482B4C8002DC1F2 /* PreferencesDefaults.plist in Resources */,
				4CEDE68B14830269002A5A95 /* MenuItemIconTemplate.pdf in Resources */,
				4CB6100B148AA3D800166397 /* Localizable.strings in Resources */,
				4CBE8D71148C30D100747A33 /* README.md in Resources */,
			);
			runOnlyForDeploymentPostprocessing = 0;
		};
		4C5BDB74147EF6AD000E19B0 /* Resources */ = {
			isa = PBXResourcesBuildPhase;
			buildActionMask = 2147483647;
			files = (
				4C5BDB82147EF6AD000E19B0 /* InfoPlist.strings in Resources */,
			);
			runOnlyForDeploymentPostprocessing = 0;
		};
/* End PBXResourcesBuildPhase section */

/* Begin PBXShellScriptBuildPhase section */
		4C5BDB75147EF6AD000E19B0 /* ShellScript */ = {
			isa = PBXShellScriptBuildPhase;
			buildActionMask = 2147483647;
			files = (
			);
			inputPaths = (
			);
			outputPaths = (
			);
			runOnlyForDeploymentPostprocessing = 0;
			shellPath = /bin/sh;
			shellScript = "# Run the unit tests in this test bundle.\n\"${SYSTEM_DEVELOPER_DIR}/Tools/RunUnitTests\"\n";
		};
/* End PBXShellScriptBuildPhase section */

/* Begin PBXSourcesBuildPhase section */
		4C5BDB52147EF6AD000E19B0 /* Sources */ = {
			isa = PBXSourcesBuildPhase;
			buildActionMask = 2147483647;
			files = (
				4C5BDB67147EF6AD000E19B0 /* main.m in Sources */,
				4C5BDB6E147EF6AD000E19B0 /* RMFAppDelegate.m in Sources */,
				4C82CEC3148053BB009E61C8 /* RMFSettingsController.m in Sources */,
				4CC50DF21482F90D0093004E /* RMFCreateRamDiskOperation.m in Sources */,
				4C2A4AE71486DDDF009F3AB0 /* RMFPresetSettingsController.m in Sources */,
				4C34B6AD1486FBDD008CFB00 /* RMFPresetsTableViewDelegate.m in Sources */,
				4CB61005148AA2DE00166397 /* RMFGeneralSettingsController.m in Sources */,
				4CB61006148AA2DE00166397 /* RMFVolumePreset.m in Sources */,
				4CBE8D70148C30D100747A33 /* LaunchAtLoginController.m in Sources */,
				4CF8842914926DC2000EE2D7 /* RMFPresetManager.m in Sources */,
				4C50399A149566CA00089F86 /* NSString+RMFVolumeTools.m in Sources */,
				4C4FA61D149816060082981C /* RMFMenuController.m in Sources */,
			);
			runOnlyForDeploymentPostprocessing = 0;
		};
		4C5BDB72147EF6AD000E19B0 /* Sources */ = {
			isa = PBXSourcesBuildPhase;
			buildActionMask = 2147483647;
			files = (
				4C5BDB85147EF6AD000E19B0 /* RAMificationTests.m in Sources */,
			);
			runOnlyForDeploymentPostprocessing = 0;
		};
/* End PBXSourcesBuildPhase section */

/* Begin PBXTargetDependency section */
		4C5BDB7C147EF6AD000E19B0 /* PBXTargetDependency */ = {
			isa = PBXTargetDependency;
			target = 4C5BDB55147EF6AD000E19B0 /* RAMification */;
			targetProxy = 4C5BDB7B147EF6AD000E19B0 /* PBXContainerItemProxy */;
		};
/* End PBXTargetDependency section */

/* Begin PBXVariantGroup section */
		4C5BDB63147EF6AD000E19B0 /* InfoPlist.strings */ = {
			isa = PBXVariantGroup;
			children = (
				4C5BDB64147EF6AD000E19B0 /* en */,
			);
			name = InfoPlist.strings;
			sourceTree = "<group>";
		};
		4C5BDB69147EF6AD000E19B0 /* Credits.rtf */ = {
			isa = PBXVariantGroup;
			children = (
				4C5BDB6A147EF6AD000E19B0 /* en */,
			);
			name = Credits.rtf;
			sourceTree = "<group>";
		};
		4C5BDB6F147EF6AD000E19B0 /* MainMenu.xib */ = {
			isa = PBXVariantGroup;
			children = (
				4C5BDB70147EF6AD000E19B0 /* en */,
			);
			name = MainMenu.xib;
			sourceTree = "<group>";
		};
		4C5BDB80147EF6AD000E19B0 /* InfoPlist.strings */ = {
			isa = PBXVariantGroup;
			children = (
				4C5BDB81147EF6AD000E19B0 /* en */,
			);
			name = InfoPlist.strings;
			sourceTree = "<group>";
		};
		4CB61009148AA3D800166397 /* Localizable.strings */ = {
			isa = PBXVariantGroup;
			children = (
				4CB6100A148AA3D800166397 /* en */,
			);
			name = Localizable.strings;
			sourceTree = "<group>";
		};
/* End PBXVariantGroup section */

/* Begin XCBuildConfiguration section */
		4C5BDB86147EF6AD000E19B0 /* Debug */ = {
			isa = XCBuildConfiguration;
			buildSettings = {
				ALWAYS_SEARCH_USER_PATHS = NO;
				ARCHS = "$(ARCHS_STANDARD_64_BIT)";
				COPY_PHASE_STRIP = NO;
				GCC_C_LANGUAGE_STANDARD = gnu99;
				GCC_DYNAMIC_NO_PIC = NO;
				GCC_ENABLE_OBJC_EXCEPTIONS = YES;
				GCC_OPTIMIZATION_LEVEL = 0;
				GCC_PREPROCESSOR_DEFINITIONS = (
					"DEBUG=1",
					"$(inherited)",
				);
				GCC_SYMBOLS_PRIVATE_EXTERN = NO;
				GCC_VERSION = com.apple.compilers.llvm.clang.1_0;
				GCC_WARN_64_TO_32_BIT_CONVERSION = YES;
				GCC_WARN_ABOUT_MISSING_PROTOTYPES = YES;
				GCC_WARN_ABOUT_RETURN_TYPE = YES;
				GCC_WARN_UNUSED_VARIABLE = YES;
				MACOSX_DEPLOYMENT_TARGET = 10.7;
				ONLY_ACTIVE_ARCH = YES;
				SDKROOT = macosx;
			};
			name = Debug;
		};
		4C5BDB87147EF6AD000E19B0 /* Release */ = {
			isa = XCBuildConfiguration;
			buildSettings = {
				ALWAYS_SEARCH_USER_PATHS = NO;
				ARCHS = "$(ARCHS_STANDARD_64_BIT)";
				COPY_PHASE_STRIP = YES;
				DEBUG_INFORMATION_FORMAT = "dwarf-with-dsym";
				GCC_C_LANGUAGE_STANDARD = gnu99;
				GCC_ENABLE_OBJC_EXCEPTIONS = YES;
				GCC_VERSION = com.apple.compilers.llvm.clang.1_0;
				GCC_WARN_64_TO_32_BIT_CONVERSION = YES;
				GCC_WARN_ABOUT_MISSING_PROTOTYPES = YES;
				GCC_WARN_ABOUT_RETURN_TYPE = YES;
				GCC_WARN_UNUSED_VARIABLE = YES;
				MACOSX_DEPLOYMENT_TARGET = 10.7;
				SDKROOT = macosx;
			};
			name = Release;
		};
		4C5BDB89147EF6AD000E19B0 /* Debug */ = {
			isa = XCBuildConfiguration;
			buildSettings = {
				GCC_PRECOMPILE_PREFIX_HEADER = YES;
				GCC_PREFIX_HEADER = "RAMification/RAMification-Prefix.pch";
				INFOPLIST_FILE = "RAMification/RAMification-Info.plist";
				PRODUCT_NAME = "$(TARGET_NAME)";
				WRAPPER_EXTENSION = app;
			};
			name = Debug;
		};
		4C5BDB8A147EF6AD000E19B0 /* Release */ = {
			isa = XCBuildConfiguration;
			buildSettings = {
				GCC_PRECOMPILE_PREFIX_HEADER = YES;
				GCC_PREFIX_HEADER = "RAMification/RAMification-Prefix.pch";
				INFOPLIST_FILE = "RAMification/RAMification-Info.plist";
				PRODUCT_NAME = "$(TARGET_NAME)";
				WRAPPER_EXTENSION = app;
			};
			name = Release;
		};
		4C5BDB8C147EF6AD000E19B0 /* Debug */ = {
			isa = XCBuildConfiguration;
			buildSettings = {
				BUNDLE_LOADER = "$(BUILT_PRODUCTS_DIR)/RAMification.app/Contents/MacOS/RAMification";
				FRAMEWORK_SEARCH_PATHS = "$(DEVELOPER_LIBRARY_DIR)/Frameworks";
				GCC_PRECOMPILE_PREFIX_HEADER = YES;
				GCC_PREFIX_HEADER = "RAMification/RAMification-Prefix.pch";
				INFOPLIST_FILE = "RAMificationTests/RAMificationTests-Info.plist";
				PRODUCT_NAME = "$(TARGET_NAME)";
				TEST_HOST = "$(BUNDLE_LOADER)";
				WRAPPER_EXTENSION = octest;
			};
			name = Debug;
		};
		4C5BDB8D147EF6AD000E19B0 /* Release */ = {
			isa = XCBuildConfiguration;
			buildSettings = {
				BUNDLE_LOADER = "$(BUILT_PRODUCTS_DIR)/RAMification.app/Contents/MacOS/RAMification";
				FRAMEWORK_SEARCH_PATHS = "$(DEVELOPER_LIBRARY_DIR)/Frameworks";
				GCC_PRECOMPILE_PREFIX_HEADER = YES;
				GCC_PREFIX_HEADER = "RAMification/RAMification-Prefix.pch";
				INFOPLIST_FILE = "RAMificationTests/RAMificationTests-Info.plist";
				PRODUCT_NAME = "$(TARGET_NAME)";
				TEST_HOST = "$(BUNDLE_LOADER)";
				WRAPPER_EXTENSION = octest;
			};
			name = Release;
		};
/* End XCBuildConfiguration section */

/* Begin XCConfigurationList section */
		4C5BDB50147EF6AD000E19B0 /* Build configuration list for PBXProject "RAMification" */ = {
			isa = XCConfigurationList;
			buildConfigurations = (
				4C5BDB86147EF6AD000E19B0 /* Debug */,
				4C5BDB87147EF6AD000E19B0 /* Release */,
			);
			defaultConfigurationIsVisible = 0;
			defaultConfigurationName = Release;
		};
		4C5BDB88147EF6AD000E19B0 /* Build configuration list for PBXNativeTarget "RAMification" */ = {
			isa = XCConfigurationList;
			buildConfigurations = (
				4C5BDB89147EF6AD000E19B0 /* Debug */,
				4C5BDB8A147EF6AD000E19B0 /* Release */,
			);
			defaultConfigurationIsVisible = 0;
			defaultConfigurationName = Release;
		};
		4C5BDB8B147EF6AD000E19B0 /* Build configuration list for PBXNativeTarget "RAMificationTests" */ = {
			isa = XCConfigurationList;
			buildConfigurations = (
				4C5BDB8C147EF6AD000E19B0 /* Debug */,
				4C5BDB8D147EF6AD000E19B0 /* Release */,
			);
			defaultConfigurationIsVisible = 0;
			defaultConfigurationName = Release;
		};
/* End XCConfigurationList section */
	};
	rootObject = 4C5BDB4D147EF6AD000E19B0 /* Project object */;
}
